
Microsoft Visual Studio Solution File, Format Version 12.00
# Visual Studio Version 17
VisualStudioVersion = 17.0.32126.317
MinimumVisualStudioVersion = 10.0.40219.1
Project("{9A19103F-16F7-4668-BE54-9A1E7A4F7556}") = "KinopoiskScraper", "KinopoiskScrapper\KinopoiskScraper.csproj", "{8AF6EC59-008E-4E61-8640-88B3A723D152}"
EndProject
Global
	GlobalSection(SolutionConfigurationPlatforms) = preSolution
		Debug|Any CPU = Debug|Any CPU
		Release|Any CPU = Release|Any CPU
	EndGlobalSection
	GlobalSection(ProjectConfigurationPlatforms) = postSolution
		{8AF6EC59-008E-4E61-8640-88B3A723D152}.Debug|Any CPU.ActiveCfg = Debug|Any CPU
		{8AF6EC59-008E-4E61-8640-88B3A723D152}.Debug|Any CPU.Build.0 = Debug|Any CPU
		{8AF6EC59-008E-4E61-8640-88B3A723D152}.Release|Any CPU.ActiveCfg = Release|Any CPU
		{8AF6EC59-008E-4E61-8640-88B3A723D152}.Release|Any CPU.Build.0 = Release|Any CPU
	EndGlobalSection
	GlobalSection(SolutionProperties) = preSolution
		HideSolutionNode = FALSE
	EndGlobalSection
	GlobalSection(ExtensibilityGlobals) = postSolution
		SolutionGuid = {F8367D58-9FBD-476D-8FAE-22C2FA6035CC}
	EndGlobalSection
EndGlobal
